
Microsoft Visual Studio Solution File, Format Version 12.00
# Visual Studio Version 17
VisualStudioVersion = 17.2.32616.157
MinimumVisualStudioVersion = 10.0.40219.1
Project("{FAE04EC0-301F-11D3-BF4B-00C04F79EFBC}") = "CountryWebSite", "CountryWebSite.csproj", "{79210AEE-E01F-41FD-96DE-B21F52BB951D}"
EndProject
Global
	GlobalSection(SolutionConfigurationPlatforms) = preSolution
		Debug|Any CPU = Debug|Any CPU
		Release|Any CPU = Release|Any CPU
	EndGlobalSection
	GlobalSection(ProjectConfigurationPlatforms) = postSolution
		{79210AEE-E01F-41FD-96DE-B21F52BB951D}.Debug|Any CPU.ActiveCfg = Debug|Any CPU
		{79210AEE-E01F-41FD-96DE-B21F52BB951D}.Debug|Any CPU.Build.0 = Debug|Any CPU
		{79210AEE-E01F-41FD-96DE-B21F52BB951D}.Release|Any CPU.ActiveCfg = Release|Any CPU
		{79210AEE-E01F-41FD-96DE-B21F52BB951D}.Release|Any CPU.Build.0 = Release|Any CPU
	EndGlobalSection
	GlobalSection(SolutionProperties) = preSolution
		HideSolutionNode = FALSE
	EndGlobalSection
	GlobalSection(ExtensibilityGlobals) = postSolution
		SolutionGuid = {88F7FF75-4DF5-4104-AB00-149FAA95D0D0}
	EndGlobalSection
EndGlobal
